// !$*UTF8*$!
{
	archiveVersion = 1;
	classes = {
	};
	objectVersion = 46;
	objects = {

/* Begin PBXBuildFile section */
		1778B661E6F948013E0B1709 /* Pods_mapbox.framework in Frameworks */ = {isa = PBXBuildFile; fileRef = C1F85FD8EACBE9A6D415F29F /* Pods_mapbox.framework */; };
		50AC84791BFBFFBA007430E4 /* AppDelegate.swift in Sources */ = {isa = PBXBuildFile; fileRef = 50AC84781BFBFFBA007430E4 /* AppDelegate.swift */; };
		50AC847B1BFBFFBA007430E4 /* ViewController.swift in Sources */ = {isa = PBXBuildFile; fileRef = 50AC847A1BFBFFBA007430E4 /* ViewController.swift */; };
		50AC847E1BFBFFBA007430E4 /* Main.storyboard in Resources */ = {isa = PBXBuildFile; fileRef = 50AC847C1BFBFFBA007430E4 /* Main.storyboard */; };
		50AC84801BFBFFBA007430E4 /* Assets.xcassets in Resources */ = {isa = PBXBuildFile; fileRef = 50AC847F1BFBFFBA007430E4 /* Assets.xcassets */; };
		50AC84831BFBFFBA007430E4 /* LaunchScreen.storyboard in Resources */ = {isa = PBXBuildFile; fileRef = 50AC84811BFBFFBA007430E4 /* LaunchScreen.storyboard */; };
		50AC848B1BFC0310007430E4 /* MapKit.framework in Frameworks */ = {isa = PBXBuildFile; fileRef = 50AC848A1BFC0310007430E4 /* MapKit.framework */; };
		50AC848D1BFC29E8007430E4 /* Settings.bundle in Resources */ = {isa = PBXBuildFile; fileRef = 50AC848C1BFC29E8007430E4 /* Settings.bundle */; };
		F9F1B82E883F07194A4A389A /* Pods.framework in Frameworks */ = {isa = PBXBuildFile; fileRef = B439E23040EEEFD128F834D1 /* Pods.framework */; };
/* End PBXBuildFile section */

/* Begin PBXFileReference section */
		50AC84751BFBFFBA007430E4 /* mapbox.app */ = {isa = PBXFileReference; explicitFileType = wrapper.application; includeInIndex = 0; path = mapbox.app; sourceTree = BUILT_PRODUCTS_DIR; };
		50AC84781BFBFFBA007430E4 /* AppDelegate.swift */ = {isa = PBXFileReference; lastKnownFileType = sourcecode.swift; path = AppDelegate.swift; sourceTree = "<group>"; };
		50AC847A1BFBFFBA007430E4 /* ViewController.swift */ = {isa = PBXFileReference; lastKnownFileType = sourcecode.swift; path = ViewController.swift; sourceTree = "<group>"; };
		50AC847D1BFBFFBA007430E4 /* Base */ = {isa = PBXFileReference; lastKnownFileType = file.storyboard; name = Base; path = Base.lproj/Main.storyboard; sourceTree = "<group>"; };
		50AC847F1BFBFFBA007430E4 /* Assets.xcassets */ = {isa = PBXFileReference; lastKnownFileType = folder.assetcatalog; path = Assets.xcassets; sourceTree = "<group>"; };
		50AC84821BFBFFBA007430E4 /* Base */ = {isa = PBXFileReference; lastKnownFileType = file.storyboard; name = Base; path = Base.lproj/LaunchScreen.storyboard; sourceTree = "<group>"; };
		50AC84841BFBFFBA007430E4 /* Info.plist */ = {isa = PBXFileReference; lastKnownFileType = text.plist.xml; path = Info.plist; sourceTree = "<group>"; };
		50AC848A1BFC0310007430E4 /* MapKit.framework */ = {isa = PBXFileReference; lastKnownFileType = wrapper.framework; name = MapKit.framework; path = System/Library/Frameworks/MapKit.framework; sourceTree = SDKROOT; };
		50AC848C1BFC29E8007430E4 /* Settings.bundle */ = {isa = PBXFileReference; lastKnownFileType = "wrapper.plug-in"; name = Settings.bundle; path = ../Settings.bundle; sourceTree = "<group>"; };
		60285B4EC95DFCFB155926D1 /* Pods-mapbox.release.xcconfig */ = {isa = PBXFileReference; includeInIndex = 1; lastKnownFileType = text.xcconfig; name = "Pods-mapbox.release.xcconfig"; path = "Pods/Target Support Files/Pods-mapbox/Pods-mapbox.release.xcconfig"; sourceTree = "<group>"; };
		A2492B5CEE3B0FD5D76198AD /* Pods-mapbox.debug.xcconfig */ = {isa = PBXFileReference; includeInIndex = 1; lastKnownFileType = text.xcconfig; name = "Pods-mapbox.debug.xcconfig"; path = "Pods/Target Support Files/Pods-mapbox/Pods-mapbox.debug.xcconfig"; sourceTree = "<group>"; };
		B439E23040EEEFD128F834D1 /* Pods.framework */ = {isa = PBXFileReference; explicitFileType = wrapper.framework; includeInIndex = 0; path = Pods.framework; sourceTree = BUILT_PRODUCTS_DIR; };
		C1F85FD8EACBE9A6D415F29F /* Pods_mapbox.framework */ = {isa = PBXFileReference; explicitFileType = wrapper.framework; includeInIndex = 0; path = Pods_mapbox.framework; sourceTree = BUILT_PRODUCTS_DIR; };
/* End PBXFileReference section */

/* Begin PBXFrameworksBuildPhase section */
		50AC84721BFBFFBA007430E4 /* Frameworks */ = {
			isa = PBXFrameworksBuildPhase;
			buildActionMask = 2147483647;
			files = (
				50AC848B1BFC0310007430E4 /* MapKit.framework in Frameworks */,
				1778B661E6F948013E0B1709 /* Pods_mapbox.framework in Frameworks */,
				F9F1B82E883F07194A4A389A /* Pods.framework in Frameworks */,
			);
			runOnlyForDeploymentPostprocessing = 0;
		};
/* End PBXFrameworksBuildPhase section */

/* Begin PBXGroup section */
		113381315ACA821DEA6DAF61 /* Frameworks */ = {
			isa = PBXGroup;
			children = (
				50AC848A1BFC0310007430E4 /* MapKit.framework */,
				C1F85FD8EACBE9A6D415F29F /* Pods_mapbox.framework */,
				B439E23040EEEFD128F834D1 /* Pods.framework */,
			);
			name = Frameworks;
			sourceTree = "<group>";
		};
		50AC846C1BFBFFBA007430E4 = {
			isa = PBXGroup;
			children = (
				50AC84771BFBFFBA007430E4 /* mapbox */,
				50AC84761BFBFFBA007430E4 /* Products */,
				C8ACDDF3454C3C086ECEAAFE /* Pods */,
				113381315ACA821DEA6DAF61 /* Frameworks */,
			);
			sourceTree = "<group>";
		};
		50AC84761BFBFFBA007430E4 /* Products */ = {
			isa = PBXGroup;
			children = (
				50AC84751BFBFFBA007430E4 /* mapbox.app */,
			);
			name = Products;
			sourceTree = "<group>";
		};
		50AC84771BFBFFBA007430E4 /* mapbox */ = {
			isa = PBXGroup;
			children = (
				50AC848C1BFC29E8007430E4 /* Settings.bundle */,
				50AC84781BFBFFBA007430E4 /* AppDelegate.swift */,
				50AC847A1BFBFFBA007430E4 /* ViewController.swift */,
				50AC847C1BFBFFBA007430E4 /* Main.storyboard */,
				50AC847F1BFBFFBA007430E4 /* Assets.xcassets */,
				50AC84811BFBFFBA007430E4 /* LaunchScreen.storyboard */,
				50AC84841BFBFFBA007430E4 /* Info.plist */,
			);
			path = mapbox;
			sourceTree = "<group>";
		};
		C8ACDDF3454C3C086ECEAAFE /* Pods */ = {
			isa = PBXGroup;
			children = (
				A2492B5CEE3B0FD5D76198AD /* Pods-mapbox.debug.xcconfig */,
				60285B4EC95DFCFB155926D1 /* Pods-mapbox.release.xcconfig */,
			);
			name = Pods;
			sourceTree = "<group>";
		};
/* End PBXGroup section */

/* Begin PBXNativeTarget section */
		50AC84741BFBFFBA007430E4 /* mapbox */ = {
			isa = PBXNativeTarget;
			buildConfigurationList = 50AC84871BFBFFBA007430E4 /* Build configuration list for PBXNativeTarget "mapbox" */;
			buildPhases = (
				5208E92C88A0EA76DF53D700 /* Check Pods Manifest.lock */,
				50AC84711BFBFFBA007430E4 /* Sources */,
				50AC84721BFBFFBA007430E4 /* Frameworks */,
				50AC84731BFBFFBA007430E4 /* Resources */,
				B5668D81097A3D837E88BB9B /* Embed Pods Frameworks */,
				DC912EC50716F82E5378DC2D /* Copy Pods Resources */,
			);
			buildRules = (
			);
			dependencies = (
			);
			name = mapbox;
			productName = mapbox;
			productReference = 50AC84751BFBFFBA007430E4 /* mapbox.app */;
			productType = "com.apple.product-type.application";
		};
/* End PBXNativeTarget section */

/* Begin PBXProject section */
		50AC846D1BFBFFBA007430E4 /* Project object */ = {
			isa = PBXProject;
			attributes = {
				LastSwiftUpdateCheck = 0710;
				LastUpgradeCheck = 0710;
				ORGANIZATIONNAME = Pixelbeat;
				TargetAttributes = {
					50AC84741BFBFFBA007430E4 = {
						CreatedOnToolsVersion = 7.1;
						DevelopmentTeam = MCJ455R27F;
						SystemCapabilities = {
							com.apple.BackgroundModes = {
								enabled = 1;
							};
							com.apple.Maps.iOS = {
								enabled = 1;
							};
						};
					};
				};
			};
			buildConfigurationList = 50AC84701BFBFFBA007430E4 /* Build configuration list for PBXProject "mapbox" */;
			compatibilityVersion = "Xcode 3.2";
			developmentRegion = English;
			hasScannedForEncodings = 0;
			knownRegions = (
				en,
				Base,
			);
			mainGroup = 50AC846C1BFBFFBA007430E4;
			productRefGroup = 50AC84761BFBFFBA007430E4 /* Products */;
			projectDirPath = "";
			projectRoot = "";
			targets = (
				50AC84741BFBFFBA007430E4 /* mapbox */,
			);
		};
/* End PBXProject section */

/* Begin PBXResourcesBuildPhase section */
		50AC84731BFBFFBA007430E4 /* Resources */ = {
			isa = PBXResourcesBuildPhase;
			buildActionMask = 2147483647;
			files = (
				50AC848D1BFC29E8007430E4 /* Settings.bundle in Resources */,
				50AC84831BFBFFBA007430E4 /* LaunchScreen.storyboard in Resources */,
				50AC84801BFBFFBA007430E4 /* Assets.xcassets in Resources */,
				50AC847E1BFBFFBA007430E4 /* Main.storyboard in Resources */,
			);
			runOnlyForDeploymentPostprocessing = 0;
		};
/* End PBXResourcesBuildPhase section */

/* Begin PBXShellScriptBuildPhase section */
		5208E92C88A0EA76DF53D700 /* Check Pods Manifest.lock */ = {
			isa = PBXShellScriptBuildPhase;
			buildActionMask = 2147483647;
			files = (
			);
			inputPaths = (
			);
			name = "Check Pods Manifest.lock";
			outputPaths = (
			);
			runOnlyForDeploymentPostprocessing = 0;
			shellPath = /bin/sh;
			shellScript = "diff \"${PODS_ROOT}/../Podfile.lock\" \"${PODS_ROOT}/Manifest.lock\" > /dev/null\nif [[ $? != 0 ]] ; then\n    cat << EOM\nerror: The sandbox is not in sync with the Podfile.lock. Run 'pod install' or update your CocoaPods installation.\nEOM\n    exit 1\nfi\n";
			showEnvVarsInLog = 0;
		};
		B5668D81097A3D837E88BB9B /* Embed Pods Frameworks */ = {
			isa = PBXShellScriptBuildPhase;
			buildActionMask = 2147483647;
			files = (
			);
			inputPaths = (
			);
			name = "Embed Pods Frameworks";
			outputPaths = (
			);
			runOnlyForDeploymentPostprocessing = 0;
			shellPath = /bin/sh;
			shellScript = "\"${SRCROOT}/Pods/Target Support Files/Pods/Pods-frameworks.sh\"\n";
			showEnvVarsInLog = 0;
		};
		DC912EC50716F82E5378DC2D /* Copy Pods Resources */ = {
			isa = PBXShellScriptBuildPhase;
			buildActionMask = 2147483647;
			files = (
			);
			inputPaths = (
			);
			name = "Copy Pods Resources";
			outputPaths = (
			);
			runOnlyForDeploymentPostprocessing = 0;
			shellPath = /bin/sh;
			shellScript = "\"${SRCROOT}/Pods/Target Support Files/Pods-mapbox/Pods-mapbox-resources.sh\"\n";
			showEnvVarsInLog = 0;
		};
/* End PBXShellScriptBuildPhase section */

/* Begin PBXSourcesBuildPhase section */
		50AC84711BFBFFBA007430E4 /* Sources */ = {
			isa = PBXSourcesBuildPhase;
			buildActionMask = 2147483647;
			files = (
				50AC847B1BFBFFBA007430E4 /* ViewController.swift in Sources */,
				50AC84791BFBFFBA007430E4 /* AppDelegate.swift in Sources */,
			);
			runOnlyForDeploymentPostprocessing = 0;
		};
/* End PBXSourcesBuildPhase section */

/* Begin PBXVariantGroup section */
		50AC847C1BFBFFBA007430E4 /* Main.storyboard */ = {
			isa = PBXVariantGroup;
			children = (
				50AC847D1BFBFFBA007430E4 /* Base */,
			);
			name = Main.storyboard;
			sourceTree = "<group>";
		};
		50AC84811BFBFFBA007430E4 /* LaunchScreen.storyboard */ = {
			isa = PBXVariantGroup;
			children = (
				50AC84821BFBFFBA007430E4 /* Base */,
			);
			name = LaunchScreen.storyboard;
			sourceTree = "<group>";
		};
/* End PBXVariantGroup section */

/* Begin XCBuildConfiguration section */
		50AC84851BFBFFBA007430E4 /* Debug */ = {
			isa = XCBuildConfiguration;
			buildSettings = {
				ALWAYS_SEARCH_USER_PATHS = NO;
				CLANG_CXX_LANGUAGE_STANDARD = "gnu++0x";
				CLANG_CXX_LIBRARY = "libc++";
				CLANG_ENABLE_MODULES = YES;
				CLANG_ENABLE_OBJC_ARC = YES;
				CLANG_WARN_BOOL_CONVERSION = YES;
				CLANG_WARN_CONSTANT_CONVERSION = YES;
				CLANG_WARN_DIRECT_OBJC_ISA_USAGE = YES_ERROR;
				CLANG_WARN_EMPTY_BODY = YES;
				CLANG_WARN_ENUM_CONVERSION = YES;
				CLANG_WARN_INT_CONVERSION = YES;
				CLANG_WARN_OBJC_ROOT_CLASS = YES_ERROR;
				CLANG_WARN_UNREACHABLE_CODE = YES;
				CLANG_WARN__DUPLICATE_METHOD_MATCH = YES;
				"CODE_SIGN_IDENTITY[sdk=iphoneos*]" = "iPhone Developer";
				COPY_PHASE_STRIP = NO;
				DEBUG_INFORMATION_FORMAT = dwarf;
				ENABLE_STRICT_OBJC_MSGSEND = YES;
				ENABLE_TESTABILITY = YES;
				GCC_C_LANGUAGE_STANDARD = gnu99;
				GCC_DYNAMIC_NO_PIC = NO;
				GCC_NO_COMMON_BLOCKS = YES;
				GCC_OPTIMIZATION_LEVEL = 0;
				GCC_PREPROCESSOR_DEFINITIONS = (
					"DEBUG=1",
					"$(inherited)",
				);
				GCC_WARN_64_TO_32_BIT_CONVERSION = YES;
				GCC_WARN_ABOUT_RETURN_TYPE = YES_ERROR;
				GCC_WARN_UNDECLARED_SELECTOR = YES;
				GCC_WARN_UNINITIALIZED_AUTOS = YES_AGGRESSIVE;
				GCC_WARN_UNUSED_FUNCTION = YES;
				GCC_WARN_UNUSED_VARIABLE = YES;
				IPHONEOS_DEPLOYMENT_TARGET = 9.1;
				MTL_ENABLE_DEBUG_INFO = YES;
				ONLY_ACTIVE_ARCH = YES;
				SDKROOT = iphoneos;
				SWIFT_OPTIMIZATION_LEVEL = "-Onone";
			};
			name = Debug;
		};
		50AC84861BFBFFBA007430E4 /* Release */ = {
			isa = XCBuildConfiguration;
			buildSettings = {
				ALWAYS_SEARCH_USER_PATHS = NO;
				CLANG_CXX_LANGUAGE_STANDARD = "gnu++0x";
				CLANG_CXX_LIBRARY = "libc++";
				CLANG_ENABLE_MODULES = YES;
				CLANG_ENABLE_OBJC_ARC = YES;
				CLANG_WARN_BOOL_CONVERSION = YES;
				CLANG_WARN_CONSTANT_CONVERSION = YES;
				CLANG_WARN_DIRECT_OBJC_ISA_USAGE = YES_ERROR;
				CLANG_WARN_EMPTY_BODY = YES;
				CLANG_WARN_ENUM_CONVERSION = YES;
				CLANG_WARN_INT_CONVERSION = YES;
				CLANG_WARN_OBJC_ROOT_CLASS = YES_ERROR;
				CLANG_WARN_UNREACHABLE_CODE = YES;
				CLANG_WARN__DUPLICATE_METHOD_MATCH = YES;
				"CODE_SIGN_IDENTITY[sdk=iphoneos*]" = "iPhone Developer";
				COPY_PHASE_STRIP = NO;
				DEBUG_INFORMATION_FORMAT = "dwarf-with-dsym";
				ENABLE_NS_ASSERTIONS = NO;
				ENABLE_STRICT_OBJC_MSGSEND = YES;
				GCC_C_LANGUAGE_STANDARD = gnu99;
				GCC_NO_COMMON_BLOCKS = YES;
				GCC_WARN_64_TO_32_BIT_CONVERSION = YES;
				GCC_WARN_ABOUT_RETURN_TYPE = YES_ERROR;
				GCC_WARN_UNDECLARED_SELECTOR = YES;
				GCC_WARN_UNINITIALIZED_AUTOS = YES_AGGRESSIVE;
				GCC_WARN_UNUSED_FUNCTION = YES;
				GCC_WARN_UNUSED_VARIABLE = YES;
				IPHONEOS_DEPLOYMENT_TARGET = 9.1;
				MTL_ENABLE_DEBUG_INFO = NO;
				SDKROOT = iphoneos;
				VALIDATE_PRODUCT = YES;
			};
			name = Release;
		};
		50AC84881BFBFFBA007430E4 /* Debug */ = {
			isa = XCBuildConfiguration;
			baseConfigurationReference = A2492B5CEE3B0FD5D76198AD /* Pods-mapbox.debug.xcconfig */;
			buildSettings = {
				ASSETCATALOG_COMPILER_APPICON_NAME = AppIcon;
				ENABLE_BITCODE = NO;
				INFOPLIST_FILE = mapbox/Info.plist;
				LD_RUNPATH_SEARCH_PATHS = "$(inherited) @executable_path/Frameworks";
				PRODUCT_BUNDLE_IDENTIFIER = co.pixelbeat.mapbox;
				PRODUCT_NAME = "$(TARGET_NAME)";
			};
			name = Debug;
		};
		50AC84891BFBFFBA007430E4 /* Release */ = {
			isa = XCBuildConfiguration;
			baseConfigurationReference = 60285B4EC95DFCFB155926D1 /* Pods-mapbox.release.xcconfig */;
			buildSettings = {
				ASSETCATALOG_COMPILER_APPICON_NAME = AppIcon;
				ENABLE_BITCODE = NO;
				INFOPLIST_FILE = mapbox/Info.plist;
				LD_RUNPATH_SEARCH_PATHS = "$(inherited) @executable_path/Frameworks";
				PRODUCT_BUNDLE_IDENTIFIER = co.pixelbeat.mapbox;
				PRODUCT_NAME = "$(TARGET_NAME)";
			};
			name = Release;
		};
/* End XCBuildConfiguration section */

/* Begin XCConfigurationList section */
		50AC84701BFBFFBA007430E4 /* Build configuration list for PBXProject "mapbox" */ = {
			isa = XCConfigurationList;
			buildConfigurations = (
				50AC84851BFBFFBA007430E4 /* Debug */,
				50AC84861BFBFFBA007430E4 /* Release */,
			);
			defaultConfigurationIsVisible = 0;
			defaultConfigurationName = Release;
		};
		50AC84871BFBFFBA007430E4 /* Build configuration list for PBXNativeTarget "mapbox" */ = {
			isa = XCConfigurationList;
			buildConfigurations = (
				50AC84881BFBFFBA007430E4 /* Debug */,
				50AC84891BFBFFBA007430E4 /* Release */,
			);
			defaultConfigurationIsVisible = 0;
			defaultConfigurationName = Release;
		};
/* End XCConfigurationList section */
	};
	rootObject = 50AC846D1BFBFFBA007430E4 /* Project object */;
}
